Microsoft Visual Studio Solution File, Format Version 12.00
# Visual Studio Version 17
VisualStudioVersion = 17.5.2.0
MinimumVisualStudioVersion = 10.0.40219.1
Project("{FAE04EC0-301F-11D3-BF4B-00C04F79EFBC}") = "dcit318-assignment1-11126586", "dcit318-assignment1-11126586.csproj", "{59892BBF-422A-E048-7C6D-19428262B98D}"
EndProject
Global
	GlobalSection(SolutionConfigurationPlatforms) = preSolution
		Debug|Any CPU = Debug|Any CPU
		Release|Any CPU = Release|Any CPU
	EndGlobalSection
	GlobalSection(ProjectConfigurationPlatforms) = postSolution
		{59892BBF-422A-E048-7C6D-19428262B98D}.Debug|Any CPU.ActiveCfg = Debug|Any CPU
		{59892BBF-422A-E048-7C6D-19428262B98D}.Debug|Any CPU.Build.0 = Debug|Any CPU
		{59892BBF-422A-E048-7C6D-19428262B98D}.Release|Any CPU.ActiveCfg = Release|Any CPU
		{59892BBF-422A-E048-7C6D-19428262B98D}.Release|Any CPU.Build.0 = Release|Any CPU
	EndGlobalSection
	GlobalSection(SolutionProperties) = preSolution
		HideSolutionNode = FALSE
	EndGlobalSection
	GlobalSection(ExtensibilityGlobals) = postSolution
		SolutionGuid = {611C7B5B-A195-46F8-AC2F-287506B985F1}
	EndGlobalSection
EndGlobal
